
Microsoft Visual Studio Solution File, Format Version 12.00
# Visual Studio Version 17
VisualStudioVersion = 17.2.32630.192
MinimumVisualStudioVersion = 10.0.40219.1
Project("{9A19103F-16F7-4668-BE54-9A1E7A4F7556}") = "NcryptXAuthenticator", "NcryptXAuthenticator\NcryptXAuthenticator.csproj", "{B70712A4-43C2-413F-BC92-040432F663E8}"
EndProject
Global
	GlobalSection(SolutionConfigurationPlatforms) = preSolution
		Debug|Any CPU = Debug|Any CPU
		Release|Any CPU = Release|Any CPU
	EndGlobalSection
	GlobalSection(ProjectConfigurationPlatforms) = postSolution
		{B70712A4-43C2-413F-BC92-040432F663E8}.Debug|Any CPU.ActiveCfg = Debug|Any CPU
		{B70712A4-43C2-413F-BC92-040432F663E8}.Debug|Any CPU.Build.0 = Debug|Any CPU
		{B70712A4-43C2-413F-BC92-040432F663E8}.Release|Any CPU.ActiveCfg = Release|Any CPU
		{B70712A4-43C2-413F-BC92-040432F663E8}.Release|Any CPU.Build.0 = Release|Any CPU
	EndGlobalSection
	GlobalSection(SolutionProperties) = preSolution
		HideSolutionNode = FALSE
	EndGlobalSection
	GlobalSection(ExtensibilityGlobals) = postSolution
		SolutionGuid = {263F7A19-3AC1-43AA-A940-CEAB900EE27A}
	EndGlobalSection
EndGlobal
